
Microsoft Visual Studio Solution File, Format Version 12.00
# Visual Studio Version 16
VisualStudioVersion = 16.0.30114.105
MinimumVisualStudioVersion = 10.0.40219.1
Project("{9A19103F-16F7-4668-BE54-9A1E7A4F7556}") = "Rishvi", "Rishvi\Rishvi.csproj", "{BA5F8BA6-639E-4A2E-B55C-D86E7BFC3AB2}"
EndProject
Global
	GlobalSection(SolutionConfigurationPlatforms) = preSolution
		Debug|Any CPU = Debug|Any CPU
		Release|Any CPU = Release|Any CPU
	EndGlobalSection
	GlobalSection(ProjectConfigurationPlatforms) = postSolution
		{BA5F8BA6-639E-4A2E-B55C-D86E7BFC3AB2}.Debug|Any CPU.ActiveCfg = Debug|Any CPU
		{BA5F8BA6-639E-4A2E-B55C-D86E7BFC3AB2}.Debug|Any CPU.Build.0 = Debug|Any CPU
		{BA5F8BA6-639E-4A2E-B55C-D86E7BFC3AB2}.Release|Any CPU.ActiveCfg = Release|Any CPU
		{BA5F8BA6-639E-4A2E-B55C-D86E7BFC3AB2}.Release|Any CPU.Build.0 = Release|Any CPU
	EndGlobalSection
	GlobalSection(SolutionProperties) = preSolution
		HideSolutionNode = FALSE
	EndGlobalSection
	GlobalSection(ExtensibilityGlobals) = postSolution
		SolutionGuid = {9429BF69-27C9-44D1-9FA0-3029D18AEE53}
	EndGlobalSection
EndGlobal
